// !$*UTF8*$!
{
	archiveVersion = 1;
	classes = {
	};
	objectVersion = 50;
	objects = {

/* Begin PBXBuildFile section */
		ABB1AF6E252A51EF00FCB2F7 /* AppDelegate.swift in Sources */ = {isa = PBXBuildFile; fileRef = ABB1AF6D252A51EF00FCB2F7 /* AppDelegate.swift */; };
		ABB1AF70252A51EF00FCB2F7 /* art.scnassets in Resources */ = {isa = PBXBuildFile; fileRef = ABB1AF6F252A51EF00FCB2F7 /* art.scnassets */; };
		ABB1AF72252A51EF00FCB2F7 /* ViewController.swift in Sources */ = {isa = PBXBuildFile; fileRef = ABB1AF71252A51EF00FCB2F7 /* ViewController.swift */; };
		ABB1AF75252A51EF00FCB2F7 /* Main.storyboard in Resources */ = {isa = PBXBuildFile; fileRef = ABB1AF73252A51EF00FCB2F7 /* Main.storyboard */; };
		ABB1AF77252A51F000FCB2F7 /* Assets.xcassets in Resources */ = {isa = PBXBuildFile; fileRef = ABB1AF76252A51F000FCB2F7 /* Assets.xcassets */; };
		ABB1AF7A252A51F000FCB2F7 /* LaunchScreen.storyboard in Resources */ = {isa = PBXBuildFile; fileRef = ABB1AF78252A51F000FCB2F7 /* LaunchScreen.storyboard */; };
/* End PBXBuildFile section */

/* Begin PBXFileReference section */
		ABB1AF6A252A51EF00FCB2F7 /* boxWithDials.app */ = {isa = PBXFileReference; explicitFileType = wrapper.application; includeInIndex = 0; path = boxWithDials.app; sourceTree = BUILT_PRODUCTS_DIR; };
		ABB1AF6D252A51EF00FCB2F7 /* AppDelegate.swift */ = {isa = PBXFileReference; lastKnownFileType = sourcecode.swift; path = AppDelegate.swift; sourceTree = "<group>"; };
		ABB1AF6F252A51EF00FCB2F7 /* art.scnassets */ = {isa = PBXFileReference; lastKnownFileType = wrapper.scnassets; path = art.scnassets; sourceTree = "<group>"; };
		ABB1AF71252A51EF00FCB2F7 /* ViewController.swift */ = {isa = PBXFileReference; lastKnownFileType = sourcecode.swift; path = ViewController.swift; sourceTree = "<group>"; };
		ABB1AF74252A51EF00FCB2F7 /* Base */ = {isa = PBXFileReference; lastKnownFileType = file.storyboard; name = Base; path = Base.lproj/Main.storyboard; sourceTree = "<group>"; };
		ABB1AF76252A51F000FCB2F7 /* Assets.xcassets */ = {isa = PBXFileReference; lastKnownFileType = folder.assetcatalog; path = Assets.xcassets; sourceTree = "<group>"; };
		ABB1AF79252A51F000FCB2F7 /* Base */ = {isa = PBXFileReference; lastKnownFileType = file.storyboard; name = Base; path = Base.lproj/LaunchScreen.storyboard; sourceTree = "<group>"; };
		ABB1AF7B252A51F000FCB2F7 /* Info.plist */ = {isa = PBXFileReference; lastKnownFileType = text.plist.xml; path = Info.plist; sourceTree = "<group>"; };
/* End PBXFileReference section */

/* Begin PBXFrameworksBuildPhase section */
		ABB1AF67252A51EF00FCB2F7 /* Frameworks */ = {
			isa = PBXFrameworksBuildPhase;
			buildActionMask = 2147483647;
			files = (
			);
			runOnlyForDeploymentPostprocessing = 0;
		};
/* End PBXFrameworksBuildPhase section */

/* Begin PBXGroup section */
		ABB1AF61252A51EF00FCB2F7 = {
			isa = PBXGroup;
			children = (
				ABB1AF6C252A51EF00FCB2F7 /* boxWithDials */,
				ABB1AF6B252A51EF00FCB2F7 /* Products */,
			);
			sourceTree = "<group>";
		};
		ABB1AF6B252A51EF00FCB2F7 /* Products */ = {
			isa = PBXGroup;
			children = (
				ABB1AF6A252A51EF00FCB2F7 /* boxWithDials.app */,
			);
			name = Products;
			sourceTree = "<group>";
		};
		ABB1AF6C252A51EF00FCB2F7 /* boxWithDials */ = {
			isa = PBXGroup;
			children = (
				ABB1AF6D252A51EF00FCB2F7 /* AppDelegate.swift */,
				ABB1AF6F252A51EF00FCB2F7 /* art.scnassets */,
				ABB1AF71252A51EF00FCB2F7 /* ViewController.swift */,
				ABB1AF73252A51EF00FCB2F7 /* Main.storyboard */,
				ABB1AF76252A51F000FCB2F7 /* Assets.xcassets */,
				ABB1AF78252A51F000FCB2F7 /* LaunchScreen.storyboard */,
				ABB1AF7B252A51F000FCB2F7 /* Info.plist */,
			);
			path = boxWithDials;
			sourceTree = "<group>";
		};
/* End PBXGroup section */

/* Begin PBXNativeTarget section */
		ABB1AF69252A51EF00FCB2F7 /* boxWithDials */ = {
			isa = PBXNativeTarget;
			buildConfigurationList = ABB1AF7E252A51F000FCB2F7 /* Build configuration list for PBXNativeTarget "boxWithDials" */;
			buildPhases = (
				ABB1AF66252A51EF00FCB2F7 /* Sources */,
				ABB1AF67252A51EF00FCB2F7 /* Frameworks */,
				ABB1AF68252A51EF00FCB2F7 /* Resources */,
			);
			buildRules = (
			);
			dependencies = (
			);
			name = boxWithDials;
			productName = boxWithDials;
			productReference = ABB1AF6A252A51EF00FCB2F7 /* boxWithDials.app */;
			productType = "com.apple.product-type.application";
		};
/* End PBXNativeTarget section */

/* Begin PBXProject section */
		ABB1AF62252A51EF00FCB2F7 /* Project object */ = {
			isa = PBXProject;
			attributes = {
				LastSwiftUpdateCheck = 1170;
				LastUpgradeCheck = 1170;
				ORGANIZATIONNAME = Daisy;
				TargetAttributes = {
					ABB1AF69252A51EF00FCB2F7 = {
						CreatedOnToolsVersion = 11.7;
					};
				};
			};
			buildConfigurationList = ABB1AF65252A51EF00FCB2F7 /* Build configuration list for PBXProject "boxWithDials" */;
			compatibilityVersion = "Xcode 9.3";
			developmentRegion = en;
			hasScannedForEncodings = 0;
			knownRegions = (
				en,
				Base,
			);
			mainGroup = ABB1AF61252A51EF00FCB2F7;
			productRefGroup = ABB1AF6B252A51EF00FCB2F7 /* Products */;
			projectDirPath = "";
			projectRoot = "";
			targets = (
				ABB1AF69252A51EF00FCB2F7 /* boxWithDials */,
			);
		};
/* End PBXProject section */

/* Begin PBXResourcesBuildPhase section */
		ABB1AF68252A51EF00FCB2F7 /* Resources */ = {
			isa = PBXResourcesBuildPhase;
			buildActionMask = 2147483647;
			files = (
				ABB1AF70252A51EF00FCB2F7 /* art.scnassets in Resources */,
				ABB1AF7A252A51F000FCB2F7 /* LaunchScreen.storyboard in Resources */,
				ABB1AF77252A51F000FCB2F7 /* Assets.xcassets in Resources */,
				ABB1AF75252A51EF00FCB2F7 /* Main.storyboard in Resources */,
			);
			runOnlyForDeploymentPostprocessing = 0;
		};
/* End PBXResourcesBuildPhase section */

/* Begin PBXSourcesBuildPhase section */
		ABB1AF66252A51EF00FCB2F7 /* Sources */ = {
			isa = PBXSourcesBuildPhase;
			buildActionMask = 2147483647;
			files = (
				ABB1AF72252A51EF00FCB2F7 /* ViewController.swift in Sources */,
				ABB1AF6E252A51EF00FCB2F7 /* AppDelegate.swift in Sources */,
			);
			runOnlyForDeploymentPostprocessing = 0;
		};
/* End PBXSourcesBuildPhase section */

/* Begin PBXVariantGroup section */
		ABB1AF73252A51EF00FCB2F7 /* Main.storyboard */ = {
			isa = PBXVariantGroup;
			children = (
				ABB1AF74252A51EF00FCB2F7 /* Base */,
			);
			name = Main.storyboard;
			sourceTree = "<group>";
		};
		ABB1AF78252A51F000FCB2F7 /* LaunchScreen.storyboard */ = {
			isa = PBXVariantGroup;
			children = (
				ABB1AF79252A51F000FCB2F7 /* Base */,
			);
			name = LaunchScreen.storyboard;
			sourceTree = "<group>";
		};
/* End PBXVariantGroup section */

/* Begin XCBuildConfiguration section */
		ABB1AF7C252A51F000FCB2F7 /* Debug */ = {
			isa = XCBuildConfiguration;
			buildSettings = {
				ALWAYS_SEARCH_USER_PATHS = NO;
				CLANG_ANALYZER_NONNULL = YES;
				CLANG_ANALYZER_NUMBER_OBJECT_CONVERSION = YES_AGGRESSIVE;
				CLANG_CXX_LANGUAGE_STANDARD = "gnu++14";
				CLANG_CXX_LIBRARY = "libc++";
				CLANG_ENABLE_MODULES = YES;
				CLANG_ENABLE_OBJC_ARC = YES;
				CLANG_ENABLE_OBJC_WEAK = YES;
				CLANG_WARN_BLOCK_CAPTURE_AUTORELEASING = YES;
				CLANG_WARN_BOOL_CONVERSION = YES;
				CLANG_WARN_COMMA = YES;
				CLANG_WARN_CONSTANT_CONVERSION = YES;
				CLANG_WARN_DEPRECATED_OBJC_IMPLEMENTATIONS = YES;
				CLANG_WARN_DIRECT_OBJC_ISA_USAGE = YES_ERROR;
				CLANG_WARN_DOCUMENTATION_COMMENTS = YES;
				CLANG_WARN_EMPTY_BODY = YES;
				CLANG_WARN_ENUM_CONVERSION = YES;
				CLANG_WARN_INFINITE_RECURSION = YES;
				CLANG_WARN_INT_CONVERSION = YES;
				CLANG_WARN_NON_LITERAL_NULL_CONVERSION = YES;
				CLANG_WARN_OBJC_IMPLICIT_RETAIN_SELF = YES;
				CLANG_WARN_OBJC_LITERAL_CONVERSION = YES;
				CLANG_WARN_OBJC_ROOT_CLASS = YES_ERROR;
				CLANG_WARN_RANGE_LOOP_ANALYSIS = YES;
				CLANG_WARN_STRICT_PROTOTYPES = YES;
				CLANG_WARN_SUSPICIOUS_MOVE = YES;
				CLANG_WARN_UNGUARDED_AVAILABILITY = YES_AGGRESSIVE;
				CLANG_WARN_UNREACHABLE_CODE = YES;
				CLANG_WARN__DUPLICATE_METHOD_MATCH = YES;
				COPY_PHASE_STRIP = NO;
				DEBUG_INFORMATION_FORMAT = dwarf;
				ENABLE_STRICT_OBJC_MSGSEND = YES;
				ENABLE_TESTABILITY = YES;
				GCC_C_LANGUAGE_STANDARD = gnu11;
				GCC_DYNAMIC_NO_PIC = NO;
				GCC_NO_COMMON_BLOCKS = YES;
				GCC_OPTIMIZATION_LEVEL = 0;
				GCC_PREPROCESSOR_DEFINITIONS = (
					"DEBUG=1",
					"$(inherited)",
				);
				GCC_WARN_64_TO_32_BIT_CONVERSION = YES;
				GCC_WARN_ABOUT_RETURN_TYPE = YES_ERROR;
				GCC_WARN_UNDECLARED_SELECTOR = YES;
				GCC_WARN_UNINITIALIZED_AUTOS = YES_AGGRESSIVE;
				GCC_WARN_UNUSED_FUNCTION = YES;
				GCC_WARN_UNUSED_VARIABLE = YES;
				IPHONEOS_DEPLOYMENT_TARGET = 13.7;
				MTL_ENABLE_DEBUG_INFO = INCLUDE_SOURCE;
				MTL_FAST_MATH = YES;
				ONLY_ACTIVE_ARCH = YES;
				SDKROOT = iphoneos;
				SWIFT_ACTIVE_COMPILATION_CONDITIONS = DEBUG;
				SWIFT_OPTIMIZATION_LEVEL = "-Onone";
			};
			name = Debug;
		};
		ABB1AF7D252A51F000FCB2F7 /* Release */ = {
			isa = XCBuildConfiguration;
			buildSettings = {
				ALWAYS_SEARCH_USER_PATHS = NO;
				CLANG_ANALYZER_NONNULL = YES;
				CLANG_ANALYZER_NUMBER_OBJECT_CONVERSION = YES_AGGRESSIVE;
				CLANG_CXX_LANGUAGE_STANDARD = "gnu++14";
				CLANG_CXX_LIBRARY = "libc++";
				CLANG_ENABLE_MODULES = YES;
				CLANG_ENABLE_OBJC_ARC = YES;
				CLANG_ENABLE_OBJC_WEAK = YES;
				CLANG_WARN_BLOCK_CAPTURE_AUTORELEASING = YES;
				CLANG_WARN_BOOL_CONVERSION = YES;
				CLANG_WARN_COMMA = YES;
				CLANG_WARN_CONSTANT_CONVERSION = YES;
				CLANG_WARN_DEPRECATED_OBJC_IMPLEMENTATIONS = YES;
				CLANG_WARN_DIRECT_OBJC_ISA_USAGE = YES_ERROR;
				CLANG_WARN_DOCUMENTATION_COMMENTS = YES;
				CLANG_WARN_EMPTY_BODY = YES;
				CLANG_WARN_ENUM_CONVERSION = YES;
				CLANG_WARN_INFINITE_RECURSION = YES;
				CLANG_WARN_INT_CONVERSION = YES;
				CLANG_WARN_NON_LITERAL_NULL_CONVERSION = YES;
				CLANG_WARN_OBJC_IMPLICIT_RETAIN_SELF = YES;
				CLANG_WARN_OBJC_LITERAL_CONVERSION = YES;
				CLANG_WARN_OBJC_ROOT_CLASS = YES_ERROR;
				CLANG_WARN_RANGE_LOOP_ANALYSIS = YES;
				CLANG_WARN_STRICT_PROTOTYPES = YES;
				CLANG_WARN_SUSPICIOUS_MOVE = YES;
				CLANG_WARN_UNGUARDED_AVAILABILITY = YES_AGGRESSIVE;
				CLANG_WARN_UNREACHABLE_CODE = YES;
				CLANG_WARN__DUPLICATE_METHOD_MATCH = YES;
				COPY_PHASE_STRIP = NO;
				DEBUG_INFORMATION_FORMAT = "dwarf-with-dsym";
				ENABLE_NS_ASSERTIONS = NO;
				ENABLE_STRICT_OBJC_MSGSEND = YES;
				GCC_C_LANGUAGE_STANDARD = gnu11;
				GCC_NO_COMMON_BLOCKS = YES;
				GCC_WARN_64_TO_32_BIT_CONVERSION = YES;
				GCC_WARN_ABOUT_RETURN_TYPE = YES_ERROR;
				GCC_WARN_UNDECLARED_SELECTOR = YES;
				GCC_WARN_UNINITIALIZED_AUTOS = YES_AGGRESSIVE;
				GCC_WARN_UNUSED_FUNCTION = YES;
				GCC_WARN_UNUSED_VARIABLE = YES;
				IPHONEOS_DEPLOYMENT_TARGET = 13.7;
				MTL_ENABLE_DEBUG_INFO = NO;
				MTL_FAST_MATH = YES;
				SDKROOT = iphoneos;
				SWIFT_COMPILATION_MODE = wholemodule;
				SWIFT_OPTIMIZATION_LEVEL = "-O";
				VALIDATE_PRODUCT = YES;
			};
			name = Release;
		};
		ABB1AF7F252A51F000FCB2F7 /* Debug */ = {
			isa = XCBuildConfiguration;
			buildSettings = {
				ASSETCATALOG_COMPILER_APPICON_NAME = AppIcon;
				CODE_SIGN_STYLE = Automatic;
				DEVELOPMENT_TEAM = 4KS28FP6WB;
				INFOPLIST_FILE = boxWithDials/Info.plist;
				LD_RUNPATH_SEARCH_PATHS = (
					"$(inherited)",
					"@executable_path/Frameworks",
				);
				PRODUCT_BUNDLE_IDENTIFIER = d.boxWithDials;
				PRODUCT_NAME = "$(TARGET_NAME)";
				SWIFT_VERSION = 5.0;
				TARGETED_DEVICE_FAMILY = "1,2";
			};
			name = Debug;
		};
		ABB1AF80252A51F000FCB2F7 /* Release */ = {
			isa = XCBuildConfiguration;
			buildSettings = {
				ASSETCATALOG_COMPILER_APPICON_NAME = AppIcon;
				CODE_SIGN_STYLE = Automatic;
				DEVELOPMENT_TEAM = 4KS28FP6WB;
				INFOPLIST_FILE = boxWithDials/Info.plist;
				LD_RUNPATH_SEARCH_PATHS = (
					"$(inherited)",
					"@executable_path/Frameworks",
				);
				PRODUCT_BUNDLE_IDENTIFIER = d.boxWithDials;
				PRODUCT_NAME = "$(TARGET_NAME)";
				SWIFT_VERSION = 5.0;
				TARGETED_DEVICE_FAMILY = "1,2";
			};
			name = Release;
		};
/* End XCBuildConfiguration section */

/* Begin XCConfigurationList section */
		ABB1AF65252A51EF00FCB2F7 /* Build configuration list for PBXProject "boxWithDials" */ = {
			isa = XCConfigurationList;
			buildConfigurations = (
				ABB1AF7C252A51F000FCB2F7 /* Debug */,
				ABB1AF7D252A51F000FCB2F7 /* Release */,
			);
			defaultConfigurationIsVisible = 0;
			defaultConfigurationName = Release;
		};
		ABB1AF7E252A51F000FCB2F7 /* Build configuration list for PBXNativeTarget "boxWithDials" */ = {
			isa = XCConfigurationList;
			buildConfigurations = (
				ABB1AF7F252A51F000FCB2F7 /* Debug */,
				ABB1AF80252A51F000FCB2F7 /* Release */,
			);
			defaultConfigurationIsVisible = 0;
			defaultConfigurationName = Release;
		};
/* End XCConfigurationList section */
	};
	rootObject = ABB1AF62252A51EF00FCB2F7 /* Project object */;
}
